
Microsoft Visual Studio Solution File, Format Version 12.00
# Visual Studio Version 17
VisualStudioVersion = 17.5.33516.290
MinimumVisualStudioVersion = 10.0.40219.1
Project("{FAE04EC0-301F-11D3-BF4B-00C04F79EFBC}") = "Entities", "Entities\Entities.csproj", "{22904ED7-A024-430F-9260-3AAEF6D4CAC7}"
EndProject
Project("{2150E333-8FDC-42A3-9474-1A3956D46DE8}") = "1 - API's", "1 - API's", "{5F46A8B8-8C4B-447A-AA16-0633AD45EC08}"
EndProject
Project("{2150E333-8FDC-42A3-9474-1A3956D46DE8}") = "2 - Application", "2 - Application", "{942A2309-DD7D-4661-BBFD-188D93458C19}"
EndProject
Project("{2150E333-8FDC-42A3-9474-1A3956D46DE8}") = "3 - Domain", "3 - Domain", "{90B82021-21DD-41DF-B2B0-2F4C8977876F}"
EndProject
Project("{2150E333-8FDC-42A3-9474-1A3956D46DE8}") = "4 - Infrastructure", "4 - Infrastructure", "{11F51617-0118-4D7D-8C34-9C5DDE93CA61}"
EndProject
Project("{2150E333-8FDC-42A3-9474-1A3956D46DE8}") = "5 - Entities", "5 - Entities", "{91E803A5-4D43-4C6F-B9EB-E95A5BBA7FB2}"
EndProject
Project("{FAE04EC0-301F-11D3-BF4B-00C04F79EFBC}") = "Infrastructure", "Infrastructure\Infrastructure.csproj", "{DDA815A4-E2C7-463E-A976-304E700DC6AE}"
EndProject
Project("{FAE04EC0-301F-11D3-BF4B-00C04F79EFBC}") = "Domain", "Domain\Domain.csproj", "{C37AAD4D-09D5-4320-9C09-C07196FB3D46}"
EndProject
Project("{FAE04EC0-301F-11D3-BF4B-00C04F79EFBC}") = "Application", "Application\Application.csproj", "{4102D043-597F-45AC-A9EA-D6EB3DAC1BBB}"
EndProject
Project("{FAE04EC0-301F-11D3-BF4B-00C04F79EFBC}") = "WebAPI", "WebAPI\WebAPI.csproj", "{47F54380-48CC-47B9-A250-E8382886C077}"
EndProject
Global
	GlobalSection(SolutionConfigurationPlatforms) = preSolution
		Debug|Any CPU = Debug|Any CPU
		Release|Any CPU = Release|Any CPU
	EndGlobalSection
	GlobalSection(ProjectConfigurationPlatforms) = postSolution
		{22904ED7-A024-430F-9260-3AAEF6D4CAC7}.Debug|Any CPU.ActiveCfg = Debug|Any CPU
		{22904ED7-A024-430F-9260-3AAEF6D4CAC7}.Debug|Any CPU.Build.0 = Debug|Any CPU
		{22904ED7-A024-430F-9260-3AAEF6D4CAC7}.Release|Any CPU.ActiveCfg = Release|Any CPU
		{22904ED7-A024-430F-9260-3AAEF6D4CAC7}.Release|Any CPU.Build.0 = Release|Any CPU
		{DDA815A4-E2C7-463E-A976-304E700DC6AE}.Debug|Any CPU.ActiveCfg = Debug|Any CPU
		{DDA815A4-E2C7-463E-A976-304E700DC6AE}.Debug|Any CPU.Build.0 = Debug|Any CPU
		{DDA815A4-E2C7-463E-A976-304E700DC6AE}.Release|Any CPU.ActiveCfg = Release|Any CPU
		{DDA815A4-E2C7-463E-A976-304E700DC6AE}.Release|Any CPU.Build.0 = Release|Any CPU
		{C37AAD4D-09D5-4320-9C09-C07196FB3D46}.Debug|Any CPU.ActiveCfg = Debug|Any CPU
		{C37AAD4D-09D5-4320-9C09-C07196FB3D46}.Debug|Any CPU.Build.0 = Debug|Any CPU
		{C37AAD4D-09D5-4320-9C09-C07196FB3D46}.Release|Any CPU.ActiveCfg = Release|Any CPU
		{C37AAD4D-09D5-4320-9C09-C07196FB3D46}.Release|Any CPU.Build.0 = Release|Any CPU
		{4102D043-597F-45AC-A9EA-D6EB3DAC1BBB}.Debug|Any CPU.ActiveCfg = Debug|Any CPU
		{4102D043-597F-45AC-A9EA-D6EB3DAC1BBB}.Debug|Any CPU.Build.0 = Debug|Any CPU
		{4102D043-597F-45AC-A9EA-D6EB3DAC1BBB}.Release|Any CPU.ActiveCfg = Release|Any CPU
		{4102D043-597F-45AC-A9EA-D6EB3DAC1BBB}.Release|Any CPU.Build.0 = Release|Any CPU
		{47F54380-48CC-47B9-A250-E8382886C077}.Debug|Any CPU.ActiveCfg = Debug|Any CPU
		{47F54380-48CC-47B9-A250-E8382886C077}.Debug|Any CPU.Build.0 = Debug|Any CPU
		{47F54380-48CC-47B9-A250-E8382886C077}.Release|Any CPU.ActiveCfg = Release|Any CPU
		{47F54380-48CC-47B9-A250-E8382886C077}.Release|Any CPU.Build.0 = Release|Any CPU
	EndGlobalSection
	GlobalSection(SolutionProperties) = preSolution
		HideSolutionNode = FALSE
	EndGlobalSection
	GlobalSection(NestedProjects) = preSolution
		{22904ED7-A024-430F-9260-3AAEF6D4CAC7} = {91E803A5-4D43-4C6F-B9EB-E95A5BBA7FB2}
		{DDA815A4-E2C7-463E-A976-304E700DC6AE} = {11F51617-0118-4D7D-8C34-9C5DDE93CA61}
		{C37AAD4D-09D5-4320-9C09-C07196FB3D46} = {90B82021-21DD-41DF-B2B0-2F4C8977876F}
		{4102D043-597F-45AC-A9EA-D6EB3DAC1BBB} = {942A2309-DD7D-4661-BBFD-188D93458C19}
		{47F54380-48CC-47B9-A250-E8382886C077} = {5F46A8B8-8C4B-447A-AA16-0633AD45EC08}
	EndGlobalSection
	GlobalSection(ExtensibilityGlobals) = postSolution
		SolutionGuid = {57DE6DEE-F864-45AE-A5C0-2391539A10D0}
	EndGlobalSection
EndGlobal
